{
  "name": "notify-io-schemas",
  "version": "0.0.0",
  "lockfileVersion": 1,
  "requires": true,
  "dependencies": {
    "funx-js": {
      "version": "0.0.12",
      "resolved": "https://registry.npmjs.org/funx-js/-/funx-js-0.0.12.tgz",
      "integrity": "sha512-ycmzXZQRlJvM6RsccbqhJLIHej6+M1cYQpfLNMDKSC2n4ccaYRuDL1ZNjLyzYFBz3t0fHBEoZTgwW24kLfmb2g=="
    },
    "notify-io": {
      "version": "0.0.5",
      "resolved": "https://registry.npmjs.org/notify-io/-/notify-io-0.0.5.tgz",
      "integrity": "sha512-ykrUdmcKu76cJzBaRxtoE5WBVucMPMNb2vwGRAEolgmEdQL+MMmapLCI+MA39hscMxCcCF819Qq5goi9iKffRA==",
      "requires": {
        "funx-js": "0.0.12"
      }
    }
  }
}
